
Microsoft Visual Studio Solution File, Format Version 12.00
# Visual Studio 15
VisualStudioVersion = 15.0.28307.1525
MinimumVisualStudioVersion = 10.0.40219.1
Project("{FAE04EC0-301F-11D3-BF4B-00C04F79EFBC}") = "WebApiDBFirst", "WebApiDBFirst\WebApiDBFirst.csproj", "{9AA80C07-C427-4B23-A1C4-7DA3140627FD}"
EndProject
Global
	GlobalSection(SolutionConfigurationPlatforms) = preSolution
		Debug|Any CPU = Debug|Any CPU
		Release|Any CPU = Release|Any CPU
	EndGlobalSection
	GlobalSection(ProjectConfigurationPlatforms) = postSolution
		{9AA80C07-C427-4B23-A1C4-7DA3140627FD}.Debug|Any CPU.ActiveCfg = Debug|Any CPU
		{9AA80C07-C427-4B23-A1C4-7DA3140627FD}.Debug|Any CPU.Build.0 = Debug|Any CPU
		{9AA80C07-C427-4B23-A1C4-7DA3140627FD}.Release|Any CPU.ActiveCfg = Release|Any CPU
		{9AA80C07-C427-4B23-A1C4-7DA3140627FD}.Release|Any CPU.Build.0 = Release|Any CPU
	EndGlobalSection
	GlobalSection(SolutionProperties) = preSolution
		HideSolutionNode = FALSE
	EndGlobalSection
	GlobalSection(ExtensibilityGlobals) = postSolution
		SolutionGuid = {86B7BC4D-E44E-4148-B3E2-3C41DC4FE003}
	EndGlobalSection
EndGlobal
